
Microsoft Visual Studio Solution File, Format Version 12.00
# Visual Studio Version 17
VisualStudioVersion = 17.14.36915.13 d17.14
MinimumVisualStudioVersion = 10.0.40219.1
Project("{FAE04EC0-301F-11D3-BF4B-00C04F79EFBC}") = "ModulatorePasticceria", "ModulatorePasticceria.csproj", "{FDB52AAB-BAF8-4A32-973A-52FDD88F1873}"
EndProject
Global
	GlobalSection(SolutionConfigurationPlatforms) = preSolution
		Debug|Any CPU = Debug|Any CPU
		Release|Any CPU = Release|Any CPU
	EndGlobalSection
	GlobalSection(ProjectConfigurationPlatforms) = postSolution
		{FDB52AAB-BAF8-4A32-973A-52FDD88F1873}.Debug|Any CPU.ActiveCfg = Debug|Any CPU
		{FDB52AAB-BAF8-4A32-973A-52FDD88F1873}.Debug|Any CPU.Build.0 = Debug|Any CPU
		{FDB52AAB-BAF8-4A32-973A-52FDD88F1873}.Release|Any CPU.ActiveCfg = Release|Any CPU
		{FDB52AAB-BAF8-4A32-973A-52FDD88F1873}.Release|Any CPU.Build.0 = Release|Any CPU
	EndGlobalSection
	GlobalSection(SolutionProperties) = preSolution
		HideSolutionNode = FALSE
	EndGlobalSection
	GlobalSection(ExtensibilityGlobals) = postSolution
		SolutionGuid = {EBFF4A13-293F-4619-AE3B-6EEBBA89C10E}
	EndGlobalSection
EndGlobal
